{
  "version": 4,
  "terraform_version": "1.1.9",
  "serial": 32,
  "lineage": "e154889e-d5e7-318d-ec38-c2050fba9f54",
  "outputs": {
    "arn": {
      "value": {
        "security_group_arn": [
          "arn:aws:ec2:ap-northeast-1:528519205020:security-group/sg-0877d050af24b3de5"
        ],
        "security_groups_details": [
          "sg-0877d050af24b3de5"
        ]
      },
      "type": [
        "object",
        {
          "security_group_arn": [
            "tuple",
            [
              "string"
            ]
          ],
          "security_groups_details": [
            "tuple",
            [
              "string"
            ]
          ]
        }
      ]
    },
    "id": {
      "value": {
        "security_group_arn": [
          "arn:aws:ec2:ap-northeast-1:528519205020:security-group/sg-0877d050af24b3de5"
        ],
        "security_groups_details": [
          "sg-0877d050af24b3de5"
        ]
      },
      "type": [
        "object",
        {
          "security_group_arn": [
            "tuple",
            [
              "string"
            ]
          ],
          "security_groups_details": [
            "tuple",
            [
              "string"
            ]
          ]
        }
      ]
    }
  },
  "resources": [
    {
      "module": "module.mk_default_vpc",
      "mode": "managed",
      "type": "aws_default_vpc",
      "name": "vpc",
      "provider": "provider[\"registry.terraform.io/hashicorp/aws\"]",
      "instances": [
        {
          "schema_version": 1,
          "attributes": {
            "arn": "arn:aws:ec2:ap-northeast-1:528519205020:vpc/vpc-0289833d0fdeb4099",
            "assign_generated_ipv6_cidr_block": false,
            "cidr_block": "172.31.0.0/16",
            "default_network_acl_id": "acl-066597cd460402d7a",
            "default_route_table_id": "rtb-00e3d099964b8f231",
            "default_security_group_id": "sg-0167e4df096fd95f1",
            "dhcp_options_id": "dopt-07a0e45c897aa50d3",
            "enable_classiclink": false,
            "enable_classiclink_dns_support": false,
            "enable_dns_hostnames": true,
            "enable_dns_support": true,
            "existing_default_vpc": true,
            "force_destroy": false,
            "id": "vpc-0289833d0fdeb4099",
            "instance_tenancy": "default",
            "ipv6_association_id": "",
            "ipv6_cidr_block": "",
            "ipv6_cidr_block_network_border_group": "",
            "ipv6_ipam_pool_id": "",
            "ipv6_netmask_length": 0,
            "main_route_table_id": "rtb-00e3d099964b8f231",
            "owner_id": "528519205020",
            "tags": {
              "Name": "default-vpc-manpreet"
            },
            "tags_all": {
              "Name": "default-vpc-manpreet"
            }
          },
          "sensitive_attributes": [],
          "private": "eyJzY2hlbWFfdmVyc2lvbiI6IjEifQ=="
        }
      ]
    },
    {
      "module": "module.mk_default_vpc",
      "mode": "managed",
      "type": "aws_instance",
      "name": "instance",
      "provider": "provider[\"registry.terraform.io/hashicorp/aws\"]",
      "instances": [
        {
          "index_key": 0,
          "schema_version": 1,
          "attributes": {
            "ami": "ami-07f03432f2e507c3c",
            "arn": "arn:aws:ec2:ap-northeast-1:528519205020:instance/i-07004eee96eb07570",
            "associate_public_ip_address": true,
            "availability_zone": "ap-northeast-1c",
            "capacity_reservation_specification": [
              {
                "capacity_reservation_preference": "open",
                "capacity_reservation_target": []
              }
            ],
            "cpu_core_count": 1,
            "cpu_threads_per_core": 1,
            "credit_specification": [
              {
                "cpu_credits": "standard"
              }
            ],
            "disable_api_termination": false,
            "ebs_block_device": [],
            "ebs_optimized": false,
            "enclave_options": [
              {
                "enabled": false
              }
            ],
            "ephemeral_block_device": [],
            "get_password_data": false,
            "hibernation": false,
            "host_id": null,
            "iam_instance_profile": "",
            "id": "i-07004eee96eb07570",
            "instance_initiated_shutdown_behavior": "stop",
            "instance_state": "running",
            "instance_type": "t2.micro",
            "ipv6_address_count": 0,
            "ipv6_addresses": [],
            "key_name": "manpreetkey",
            "launch_template": [],
            "maintenance_options": [
              {
                "auto_recovery": "default"
              }
            ],
            "metadata_options": [
              {
                "http_endpoint": "enabled",
                "http_put_response_hop_limit": 1,
                "http_tokens": "optional",
                "instance_metadata_tags": "disabled"
              }
            ],
            "monitoring": false,
            "network_interface": [],
            "outpost_arn": "",
            "password_data": "",
            "placement_group": "",
            "placement_partition_number": null,
            "primary_network_interface_id": "eni-085718cc219e5c9b2",
            "private_dns": "ip-172-31-13-85.ap-northeast-1.compute.internal",
            "private_ip": "172.31.13.85",
            "public_dns": "ec2-18-179-28-142.ap-northeast-1.compute.amazonaws.com",
            "public_ip": "18.179.28.142",
            "root_block_device": [
              {
                "delete_on_termination": true,
                "device_name": "/dev/sda1",
                "encrypted": false,
                "iops": 100,
                "kms_key_id": "",
                "tags": {},
                "throughput": 0,
                "volume_id": "vol-0d0674426392ee5e0",
                "volume_size": 30,
                "volume_type": "gp2"
              }
            ],
            "secondary_private_ips": [],
            "security_groups": [
              "allow_tls"
            ],
            "source_dest_check": true,
            "subnet_id": "subnet-007cc0a945f959c17",
            "tags": {
              "name": "Mk first instance",
              "owner": "manpreet.kaur@cloudeq.com",
              "profile": "trainee"
            },
            "tags_all": {
              "name": "Mk first instance",
              "owner": "manpreet.kaur@cloudeq.com",
              "profile": "trainee"
            },
            "tenancy": "default",
            "timeouts": null,
            "user_data": null,
            "user_data_base64": null,
            "user_data_replace_on_change": false,
            "volume_tags": null,
            "vpc_security_group_ids": [
              "sg-0877d050af24b3de5"
            ]
          },
          "sensitive_attributes": [],
          "private": "eyJlMmJmYjczMC1lY2FhLTExZTYtOGY4OC0zNDM2M2JjN2M0YzAiOnsiY3JlYXRlIjo2MDAwMDAwMDAwMDAsImRlbGV0ZSI6MTIwMDAwMDAwMDAwMCwidXBkYXRlIjo2MDAwMDAwMDAwMDB9LCJzY2hlbWFfdmVyc2lvbiI6IjEifQ==",
          "dependencies": [
            "module.mk_default_vpc.aws_default_vpc.vpc",
            "module.mk_default_vpc.aws_security_group.mk_scgp"
          ]
        }
      ]
    },
    {
      "module": "module.mk_default_vpc",
      "mode": "managed",
      "type": "aws_security_group",
      "name": "mk_scgp",
      "provider": "provider[\"registry.terraform.io/hashicorp/aws\"]",
      "instances": [
        {
          "schema_version": 1,
          "attributes": {
            "arn": "arn:aws:ec2:ap-northeast-1:528519205020:security-group/sg-0877d050af24b3de5",
            "description": "Allow TLS inbound traffic",
            "egress": [
              {
                "cidr_blocks": [
                  "0.0.0.0/0"
                ],
                "description": "",
                "from_port": 443,
                "ipv6_cidr_blocks": [],
                "prefix_list_ids": [],
                "protocol": "tcp",
                "security_groups": [],
                "self": false,
                "to_port": 443
              },
              {
                "cidr_blocks": [
                  "0.0.0.0/0"
                ],
                "description": "",
                "from_port": 80,
                "ipv6_cidr_blocks": [],
                "prefix_list_ids": [],
                "protocol": "tcp",
                "security_groups": [],
                "self": false,
                "to_port": 80
              }
            ],
            "id": "sg-0877d050af24b3de5",
            "ingress": [
              {
                "cidr_blocks": [
                  "0.0.0.0/0"
                ],
                "description": "HTTP port",
                "from_port": 80,
                "ipv6_cidr_blocks": [],
                "prefix_list_ids": [],
                "protocol": "tcp",
                "security_groups": [],
                "self": false,
                "to_port": 80
              },
              {
                "cidr_blocks": [
                  "0.0.0.0/0"
                ],
                "description": "HTTPS port",
                "from_port": 443,
                "ipv6_cidr_blocks": [],
                "prefix_list_ids": [],
                "protocol": "tcp",
                "security_groups": [],
                "self": false,
                "to_port": 443
              }
            ],
            "name": "allow_tls",
            "name_prefix": "",
            "owner_id": "528519205020",
            "revoke_rules_on_delete": false,
            "tags": {
              "Name": "allow_tls"
            },
            "tags_all": {
              "Name": "allow_tls"
            },
            "timeouts": null,
            "vpc_id": "vpc-0289833d0fdeb4099"
          },
          "sensitive_attributes": [],
          "private": "eyJlMmJmYjczMC1lY2FhLTExZTYtOGY4OC0zNDM2M2JjN2M0YzAiOnsiY3JlYXRlIjo2MDAwMDAwMDAwMDAsImRlbGV0ZSI6OTAwMDAwMDAwMDAwfSwic2NoZW1hX3ZlcnNpb24iOiIxIn0=",
          "dependencies": [
            "module.mk_default_vpc.aws_default_vpc.vpc"
          ]
        }
      ]
    }
  ]
}
